
Microsoft Visual Studio Solution File, Format Version 12.00
# Visual Studio Version 17
VisualStudioVersion = 17.9.34723.18
MinimumVisualStudioVersion = 10.0.40219.1
Project("{FAE04EC0-301F-11D3-BF4B-00C04F79EFBC}") = "PlantumlSaltSvgDecodeNet", "PlantumlSaltSvgDecodeNet\PlantumlSaltSvgDecodeNet.csproj", "{0BE2429B-3E64-434E-A9F7-59F66CFF9C6B}"
EndProject
Global
	GlobalSection(SolutionConfigurationPlatforms) = preSolution
		Debug|Any CPU = Debug|Any CPU
		Release|Any CPU = Release|Any CPU
	EndGlobalSection
	GlobalSection(ProjectConfigurationPlatforms) = postSolution
		{0BE2429B-3E64-434E-A9F7-59F66CFF9C6B}.Debug|Any CPU.ActiveCfg = Debug|Any CPU
		{0BE2429B-3E64-434E-A9F7-59F66CFF9C6B}.Debug|Any CPU.Build.0 = Debug|Any CPU
		{0BE2429B-3E64-434E-A9F7-59F66CFF9C6B}.Release|Any CPU.ActiveCfg = Release|Any CPU
		{0BE2429B-3E64-434E-A9F7-59F66CFF9C6B}.Release|Any CPU.Build.0 = Release|Any CPU
	EndGlobalSection
	GlobalSection(SolutionProperties) = preSolution
		HideSolutionNode = FALSE
	EndGlobalSection
	GlobalSection(ExtensibilityGlobals) = postSolution
		SolutionGuid = {85DC42F9-5779-449C-AFDD-7E83601E5DFA}
	EndGlobalSection
EndGlobal
